
Microsoft Visual Studio Solution File, Format Version 12.00
# Visual Studio Version 17
VisualStudioVersion = 17.0.32112.339
MinimumVisualStudioVersion = 10.0.40219.1
Project("{FAE04EC0-301F-11D3-BF4B-00C04F79EFBC}") = "diamante letras", "diamante letras\diamante letras.csproj", "{7F4F60EF-FD57-4F06-80B2-78E3E366A374}"
EndProject
Global
	GlobalSection(SolutionConfigurationPlatforms) = preSolution
		Debug|Any CPU = Debug|Any CPU
		Release|Any CPU = Release|Any CPU
	EndGlobalSection
	GlobalSection(ProjectConfigurationPlatforms) = postSolution
		{7F4F60EF-FD57-4F06-80B2-78E3E366A374}.Debug|Any CPU.ActiveCfg = Debug|Any CPU
		{7F4F60EF-FD57-4F06-80B2-78E3E366A374}.Debug|Any CPU.Build.0 = Debug|Any CPU
		{7F4F60EF-FD57-4F06-80B2-78E3E366A374}.Release|Any CPU.ActiveCfg = Release|Any CPU
		{7F4F60EF-FD57-4F06-80B2-78E3E366A374}.Release|Any CPU.Build.0 = Release|Any CPU
	EndGlobalSection
	GlobalSection(SolutionProperties) = preSolution
		HideSolutionNode = FALSE
	EndGlobalSection
	GlobalSection(ExtensibilityGlobals) = postSolution
		SolutionGuid = {747DE899-662C-41FC-8E0F-1A2056EBAA82}
	EndGlobalSection
EndGlobal
